
Microsoft Visual Studio Solution File, Format Version 12.00
# Visual Studio Version 17
VisualStudioVersion = 17.5.002.0
MinimumVisualStudioVersion = 10.0.40219.1
Project("{9A19103F-16F7-4668-BE54-9A1E7A4F7556}") = "example", "example.csproj", "{88FE7A2D-EF6A-4662-84C8-E9761BA3E978}"
EndProject
Global
	GlobalSection(SolutionConfigurationPlatforms) = preSolution
		Debug|Any CPU = Debug|Any CPU
		Release|Any CPU = Release|Any CPU
	EndGlobalSection
	GlobalSection(ProjectConfigurationPlatforms) = postSolution
		{88FE7A2D-EF6A-4662-84C8-E9761BA3E978}.Debug|Any CPU.ActiveCfg = Debug|Any CPU
		{88FE7A2D-EF6A-4662-84C8-E9761BA3E978}.Debug|Any CPU.Build.0 = Debug|Any CPU
		{88FE7A2D-EF6A-4662-84C8-E9761BA3E978}.Release|Any CPU.ActiveCfg = Release|Any CPU
		{88FE7A2D-EF6A-4662-84C8-E9761BA3E978}.Release|Any CPU.Build.0 = Release|Any CPU
	EndGlobalSection
	GlobalSection(SolutionProperties) = preSolution
		HideSolutionNode = FALSE
	EndGlobalSection
	GlobalSection(ExtensibilityGlobals) = postSolution
		SolutionGuid = {EF54E6FC-2ABE-4282-876C-05C4B3467E36}
	EndGlobalSection
EndGlobal
