
Microsoft Visual Studio Solution File, Format Version 12.00
# Visual Studio Version 17
VisualStudioVersion = 17.5.002.0
MinimumVisualStudioVersion = 10.0.40219.1
Project("{9A19103F-16F7-4668-BE54-9A1E7A4F7556}") = "fbi", "fbi.csproj", "{1FFE2A84-E4B0-4CA3-948A-622D8CE678F3}"
EndProject
Global
	GlobalSection(SolutionConfigurationPlatforms) = preSolution
		Debug|Any CPU = Debug|Any CPU
		Release|Any CPU = Release|Any CPU
	EndGlobalSection
	GlobalSection(ProjectConfigurationPlatforms) = postSolution
		{1FFE2A84-E4B0-4CA3-948A-622D8CE678F3}.Debug|Any CPU.ActiveCfg = Debug|Any CPU
		{1FFE2A84-E4B0-4CA3-948A-622D8CE678F3}.Debug|Any CPU.Build.0 = Debug|Any CPU
		{1FFE2A84-E4B0-4CA3-948A-622D8CE678F3}.Release|Any CPU.ActiveCfg = Release|Any CPU
		{1FFE2A84-E4B0-4CA3-948A-622D8CE678F3}.Release|Any CPU.Build.0 = Release|Any CPU
	EndGlobalSection
	GlobalSection(SolutionProperties) = preSolution
		HideSolutionNode = FALSE
	EndGlobalSection
	GlobalSection(ExtensibilityGlobals) = postSolution
		SolutionGuid = {1D3D0EDC-2842-4B02-87F1-33C25D495CB2}
	EndGlobalSection
EndGlobal
